
Microsoft Visual Studio Solution File, Format Version 12.00
# Visual Studio 2013
VisualStudioVersion = 12.0.21005.1
MinimumVisualStudioVersion = 10.0.40219.1
Project("{FAE04EC0-301F-11D3-BF4B-00C04F79EFBC}") = "Sort", "Sort\Sort.csproj", "{491DFB7F-C41F-43D6-839C-3D6F7E1B63A6}"
EndProject
Project("{FAE04EC0-301F-11D3-BF4B-00C04F79EFBC}") = "BinaryTree", "BinaryTree\BinaryTree.csproj", "{FEF1D8E9-55E5-47EB-AFE5-098C45CA6487}"
EndProject
Project("{FAE04EC0-301F-11D3-BF4B-00C04F79EFBC}") = "PermutationAndCombination", "PermutationAndCombination\PermutationAndCombination.csproj", "{D980D13F-CE4B-4265-8598-004B49AA4968}"
EndProject
Global
	GlobalSection(SolutionConfigurationPlatforms) = preSolution
		Debug|Any CPU = Debug|Any CPU
		Release|Any CPU = Release|Any CPU
	EndGlobalSection
	GlobalSection(ProjectConfigurationPlatforms) = postSolution
		{491DFB7F-C41F-43D6-839C-3D6F7E1B63A6}.Debug|Any CPU.ActiveCfg = Debug|Any CPU
		{491DFB7F-C41F-43D6-839C-3D6F7E1B63A6}.Debug|Any CPU.Build.0 = Debug|Any CPU
		{491DFB7F-C41F-43D6-839C-3D6F7E1B63A6}.Release|Any CPU.ActiveCfg = Release|Any CPU
		{491DFB7F-C41F-43D6-839C-3D6F7E1B63A6}.Release|Any CPU.Build.0 = Release|Any CPU
		{FEF1D8E9-55E5-47EB-AFE5-098C45CA6487}.Debug|Any CPU.ActiveCfg = Debug|Any CPU
		{FEF1D8E9-55E5-47EB-AFE5-098C45CA6487}.Debug|Any CPU.Build.0 = Debug|Any CPU
		{FEF1D8E9-55E5-47EB-AFE5-098C45CA6487}.Release|Any CPU.ActiveCfg = Release|Any CPU
		{FEF1D8E9-55E5-47EB-AFE5-098C45CA6487}.Release|Any CPU.Build.0 = Release|Any CPU
		{D980D13F-CE4B-4265-8598-004B49AA4968}.Debug|Any CPU.ActiveCfg = Debug|Any CPU
		{D980D13F-CE4B-4265-8598-004B49AA4968}.Debug|Any CPU.Build.0 = Debug|Any CPU
		{D980D13F-CE4B-4265-8598-004B49AA4968}.Release|Any CPU.ActiveCfg = Release|Any CPU
		{D980D13F-CE4B-4265-8598-004B49AA4968}.Release|Any CPU.Build.0 = Release|Any CPU
	EndGlobalSection
	GlobalSection(SolutionProperties) = preSolution
		HideSolutionNode = FALSE
	EndGlobalSection
EndGlobal
